<?xml version="1.0" encoding="utf-8"?>
<Project ToolsVersion="4.0" xmlns="http://schemas.microsoft.com/developer/msbuild/2003">
  <ItemGroup>
    <Filter Include="system">
      <UniqueIdentifier>{22dd8095-74f9-46df-81a1-36675a040b1f}</UniqueIdentifier>
    </Filter>
  </ItemGroup>
  <ItemGroup>
    <ClCompile Include="stdafx.cpp" />
    <ClCompile Include="main.cpp" />
    <ClCompile Include="system\system.cpp">
      <Filter>system</Filter>
    </ClCompile>
    <ClCompile Include="Test.cpp" />
    <ClCompile Include="BackGround.cpp" />
    <ClCompile Include="Title.cpp" />
    <ClCompile Include="Menu.cpp" />
    <ClCompile Include="GameCamera.cpp" />
    <ClCompile Include="CarBase.cpp" />
    <ClCompile Include="TimeTrialMode.cpp" />
    <ClCompile Include="Lighting.cpp" />
    <ClCompile Include="FrontWheelBase.cpp" />
    <ClCompile Include="RightFrontWheel.cpp" />
    <ClCompile Include="LeftFrontWheel.cpp" />
    <ClCompile Include="RightRearWheel.cpp" />
    <ClCompile Include="LeftRearWheel.cpp" />
    <ClCompile Include="CarAFormula.cpp" />
    <ClCompile Include="WorldMode.cpp" />
    <ClCompile Include="RaceMenu.cpp" />
    <ClCompile Include="MainRaceManager.cpp" />
    <ClCompile Include="Car_Oreca07.cpp" />
    <ClCompile Include="Loading.cpp" />
    <ClCompile Include="Sound.cpp" />
    <ClCompile Include="Sebring.cpp" />
    <ClCompile Include="Garage.cpp" />
    <ClCompile Include="Player.cpp" />
    <ClCompile Include="LeMans.cpp" />
    <ClCompile Include="LicenseMode.cpp" />
    <ClCompile Include="Car_86GT.cpp" />
    <ClCompile Include="Monza.cpp" />
    <ClCompile Include="Car_RX7FD.cpp" />
    <ClCompile Include="Car_A90Supra.cpp" />
    <ClCompile Include="Car_GTRR35.cpp" />
    <ClCompile Include="LicenseRace.cpp" />
    <ClCompile Include="OptionMenu.cpp" />
    <ClCompile Include="FadeIn.cpp" />
    <ClCompile Include="Car_TS050.cpp" />
    <ClCompile Include="Car_GR010.cpp" />
    <ClCompile Include="Car_X2010.cpp" />
    <ClCompile Include="Car_RB19.cpp" />
    <ClCompile Include="Car_499P.cpp" />
    <ClCompile Include="Car_787B.cpp" />
    <ClCompile Include="Car_911GT3RS.cpp" />
    <ClCompile Include="Car_911GT3RSR.cpp" />
    <ClCompile Include="Car_962C.cpp" />
    <ClCompile Include="Car_BMWMV8LMDh.cpp" />
    <ClCompile Include="Car_C9.cpp" />
    <ClCompile Include="Car_FordGT.cpp" />
    <ClCompile Include="Car_FordGTLM.cpp" />
    <ClCompile Include="Car_FordGTGT3.cpp" />
    <ClCompile Include="Car_LFA.cpp" />
    <ClCompile Include="Car_MustangGT3.cpp" />
    <ClCompile Include="Car_R35GT3.cpp" />
    <ClCompile Include="Imola.cpp" />
    <ClCompile Include="SilverStone.cpp" />
    <ClCompile Include="CarChange.cpp" />
    <ClCompile Include="ModeSelect.cpp" />
  </ItemGroup>
  <ItemGroup>
    <ClInclude Include="stdafx.h" />
    <ClInclude Include="system\system.h">
      <Filter>system</Filter>
    </ClInclude>
    <ClInclude Include="Test.h" />
    <ClInclude Include="BackGround.h" />
    <ClInclude Include="Title.h" />
    <ClInclude Include="Menu.h" />
    <ClInclude Include="GameCamera.h" />
    <ClInclude Include="CarBase.h" />
    <ClInclude Include="TimeTrialMode.h" />
    <ClInclude Include="Lighting.h" />
    <ClInclude Include="FrontWheelBase.h" />
    <ClInclude Include="RightFrontWheel.h" />
    <ClInclude Include="LeftFrontWheel.h" />
    <ClInclude Include="RightRearWheel.h" />
    <ClInclude Include="LeftRearWheel.h" />
    <ClInclude Include="CarAFormula.h" />
    <ClInclude Include="WorldMode.h" />
    <ClInclude Include="RaceMenu.h" />
    <ClInclude Include="MainRaceManager.h" />
    <ClInclude Include="Car_Oreca07.h" />
    <ClInclude Include="Loading.h" />
    <ClInclude Include="PageNum.h" />
    <ClInclude Include="Tips.h" />
    <ClInclude Include="BGM.h" />
    <ClInclude Include="Sound.h" />
    <ClInclude Include="Sebring.h" />
    <ClInclude Include="Garage.h" />
    <ClInclude Include="Player.h" />
    <ClInclude Include="LeMans.h" />
    <ClInclude Include="LicenseMode.h" />
    <ClInclude Include="Car_86GT.h" />
    <ClInclude Include="Monza.h" />
    <ClInclude Include="Car_RX7FD.h" />
    <ClInclude Include="Car_A90Supra.h" />
    <ClInclude Include="Car_GTRR35.h" />
    <ClInclude Include="LicenseRace.h" />
    <ClInclude Include="OptionMenu.h" />
    <ClInclude Include="FadeIn.h" />
    <ClInclude Include="Car_TS050.h" />
    <ClInclude Include="Car_GR010.h" />
    <ClInclude Include="Car_X2010.h" />
    <ClInclude Include="Car_RB19.h" />
    <ClInclude Include="Car_499P.h" />
    <ClInclude Include="Car_787B.h" />
    <ClInclude Include="Car_911GT3RS.h" />
    <ClInclude Include="Car_911GT3RSR.h" />
    <ClInclude Include="Car_962C.h" />
    <ClInclude Include="Car_BMWMV8LMDh.h" />
    <ClInclude Include="Car_C9.h" />
    <ClInclude Include="Car_FordGT.h" />
    <ClInclude Include="Car_FordGTLM.h" />
    <ClInclude Include="Car_FordGTGT3.h" />
    <ClInclude Include="Car_LFA.h" />
    <ClInclude Include="Car_MustangGT3.h" />
    <ClInclude Include="Car_R35GT3.h" />
    <ClInclude Include="Imola.h" />
    <ClInclude Include="SilverStone.h" />
    <ClInclude Include="CarChange.h" />
    <ClInclude Include="ModeSelect.h" />
  </ItemGroup>
</Project>